# This file is automatically @generated by Cargo.
# It is not intended for manual editing.
version = 4

[[package]]
name = "arrayvec"
version = "0.7.6"
source = "registry+https://github.com/rust-lang/crates.io-index"
checksum = "7c02d123df017efcdfbd739ef81735b36c5ba83ec3c59c80a9d7ecc718f92e50"

[[package]]
name = "autocfg"
version = "1.5.0"
source = "registry+https://github.com/rust-lang/crates.io-index"
checksum = "c08606f8c3cbf4ce6ec8e28fb0014a2c086708fe954eaa885384a6165172e7e8"

[[package]]
name = "color_quant"
version = "1.1.0"
source = "registry+https://github.com/rust-lang/crates.io-index"
checksum = "3d7b894f5411737b7867f4827955924d7c254fc9f4d91a6aad6b097804b1018b"

[[package]]
name = "euclid"
version = "0.22.11"
source = "registry+https://github.com/rust-lang/crates.io-index"
checksum = "ad9cdb4b747e485a12abb0e6566612956c7a1bafa3bdb8d682c5b6d403589e48"
dependencies = [
 "num-traits",
]

[[package]]
name = "gif"
version = "0.13.3"
source = "registry+https://github.com/rust-lang/crates.io-index"
checksum = "4ae047235e33e2829703574b54fdec96bfbad892062d97fed2f76022287de61b"
dependencies = [
 "color_quant",
 "weezl",
]

[[package]]
name = "glam"
version = "0.30.4"
source = "registry+https://github.com/rust-lang/crates.io-index"
checksum = "50a99dbe56b72736564cfa4b85bf9a33079f16ae8b74983ab06af3b1a3696b11"

[[package]]
name = "libm"
version = "0.2.15"
source = "registry+https://github.com/rust-lang/crates.io-index"
checksum = "f9fbbcab51052fe104eb5e5d351cf728d30a5be1fe14d9be8a3b097481fb97de"

[[package]]
name = "lyon_geom"
version = "1.0.6"
source = "registry+https://github.com/rust-lang/crates.io-index"
checksum = "8af69edc087272df438b3ee436c4bb6d7c04aa8af665cfd398feae627dbd8570"
dependencies = [
 "arrayvec",
 "euclid",
 "num-traits",
]

[[package]]
name = "num-traits"
version = "0.2.19"
source = "registry+https://github.com/rust-lang/crates.io-index"
checksum = "071dfc062690e90b734c0b2273ce72ad0ffa95f0c74596bc250dcfd960262841"
dependencies = [
 "autocfg",
 "libm",
]

[[package]]
name = "raqote"
version = "0.8.5"
source = "registry+https://github.com/rust-lang/crates.io-index"
checksum = "324990858d2a5df9ccd30b2e8b474030bd503297378a3fc0944c37af00eb8903"
dependencies = [
 "euclid",
 "lyon_geom",
 "sw-composite",
 "typed-arena",
]

[[package]]
name = "sw-composite"
version = "0.7.16"
source = "registry+https://github.com/rust-lang/crates.io-index"
checksum = "9ac8fb7895b4afa060ad731a32860db8755da3449a47e796d5ecf758db2671d4"

[[package]]
name = "three-body"
version = "0.1.0"
dependencies = [
 "gif",
 "glam",
 "raqote",
]

[[package]]
name = "typed-arena"
version = "2.0.2"
source = "registry+https://github.com/rust-lang/crates.io-index"
checksum = "6af6ae20167a9ece4bcb41af5b80f8a1f1df981f6391189ce00fd257af04126a"

[[package]]
name = "weezl"
version = "0.1.10"
source = "registry+https://github.com/rust-lang/crates.io-index"
checksum = "a751b3277700db47d3e574514de2eced5e54dc8a5436a3bf7a0b248b2cee16f3"
